
Microsoft Visual Studio Solution File, Format Version 12.00
# Visual Studio Version 17
VisualStudioVersion = 17.0.31912.275
MinimumVisualStudioVersion = 10.0.40219.1
Project("{FAE04EC0-301F-11D3-BF4B-00C04F79EFBC}") = "Homework_1.2", "Homework_1.2.csproj", "{FAAB89D5-90FC-432C-A10D-0D9AD657B3A1}"
EndProject
Global
	GlobalSection(SolutionConfigurationPlatforms) = preSolution
		Debug|Any CPU = Debug|Any CPU
		Release|Any CPU = Release|Any CPU
	EndGlobalSection
	GlobalSection(ProjectConfigurationPlatforms) = postSolution
		{FAAB89D5-90FC-432C-A10D-0D9AD657B3A1}.Debug|Any CPU.ActiveCfg = Debug|Any CPU
		{FAAB89D5-90FC-432C-A10D-0D9AD657B3A1}.Debug|Any CPU.Build.0 = Debug|Any CPU
		{FAAB89D5-90FC-432C-A10D-0D9AD657B3A1}.Release|Any CPU.ActiveCfg = Release|Any CPU
		{FAAB89D5-90FC-432C-A10D-0D9AD657B3A1}.Release|Any CPU.Build.0 = Release|Any CPU
	EndGlobalSection
	GlobalSection(SolutionProperties) = preSolution
		HideSolutionNode = FALSE
	EndGlobalSection
	GlobalSection(ExtensibilityGlobals) = postSolution
		SolutionGuid = {295CFBA2-15B7-4097-8153-E57693BE7B02}
	EndGlobalSection
EndGlobal
