
Microsoft Visual Studio Solution File, Format Version 12.00
# Visual Studio Version 17
VisualStudioVersion = 17.0.31912.275
MinimumVisualStudioVersion = 10.0.40219.1
Project("{FAE04EC0-301F-11D3-BF4B-00C04F79EFBC}") = "Homework_1", "Homework_1.csproj", "{628A31C9-AA9D-4ED2-8EFB-9A2D784E0E53}"
EndProject
Global
	GlobalSection(SolutionConfigurationPlatforms) = preSolution
		Debug|Any CPU = Debug|Any CPU
		Release|Any CPU = Release|Any CPU
	EndGlobalSection
	GlobalSection(ProjectConfigurationPlatforms) = postSolution
		{628A31C9-AA9D-4ED2-8EFB-9A2D784E0E53}.Debug|Any CPU.ActiveCfg = Debug|Any CPU
		{628A31C9-AA9D-4ED2-8EFB-9A2D784E0E53}.Debug|Any CPU.Build.0 = Debug|Any CPU
		{628A31C9-AA9D-4ED2-8EFB-9A2D784E0E53}.Release|Any CPU.ActiveCfg = Release|Any CPU
		{628A31C9-AA9D-4ED2-8EFB-9A2D784E0E53}.Release|Any CPU.Build.0 = Release|Any CPU
	EndGlobalSection
	GlobalSection(SolutionProperties) = preSolution
		HideSolutionNode = FALSE
	EndGlobalSection
	GlobalSection(ExtensibilityGlobals) = postSolution
		SolutionGuid = {F5A77832-BAF5-448E-A6A2-01D39815F377}
	EndGlobalSection
EndGlobal
